
Microsoft Visual Studio Solution File, Format Version 12.00
# Visual Studio Version 17
VisualStudioVersion = 17.8.34511.84
MinimumVisualStudioVersion = 10.0.40219.1
Project("{2150E333-8FDC-42A3-9474-1A3956D46DE8}") = "src", "src", "{B44EAA77-9BBF-4BAF-B2FD-72BE7E5B45E1}"
EndProject
Project("{2150E333-8FDC-42A3-9474-1A3956D46DE8}") = "tests", "tests", "{4F25E227-E281-45CB-B170-BC930AB90BD3}"
EndProject
Project("{2150E333-8FDC-42A3-9474-1A3956D46DE8}") = "core", "core", "{70378E33-2FAE-4C61-BB2B-880F3954547C}"
EndProject
Project("{FAE04EC0-301F-11D3-BF4B-00C04F79EFBC}") = "Domain", "src\core\Domain\Domain.csproj", "{850C2E66-D261-448B-A252-A8AE8E553557}"
EndProject
Project("{FAE04EC0-301F-11D3-BF4B-00C04F79EFBC}") = "Application", "src\core\Application\Application.csproj", "{99487B0E-0CF0-40BD-BFE2-32DCB65D899A}"
EndProject
Project("{FAE04EC0-301F-11D3-BF4B-00C04F79EFBC}") = "Shared", "src\core\Shared\Shared.csproj", "{189A46C1-D81F-4A70-A790-6E12F31F79D8}"
EndProject
Project("{2150E333-8FDC-42A3-9474-1A3956D46DE8}") = "infrastructure", "infrastructure", "{8EA58485-C2B8-45AB-84FB-B4ACD797176B}"
EndProject
Project("{FAE04EC0-301F-11D3-BF4B-00C04F79EFBC}") = "Infrastructure", "src\infrastructure\Infrastructure\Infrastructure.csproj", "{4DCBA60E-71AC-476D-94E4-6B46D8D7704D}"
EndProject
Project("{FAE04EC0-301F-11D3-BF4B-00C04F79EFBC}") = "Migrator.SqlServer", "src\infrastructure\Migrator.SqlServer\Migrator.SqlServer.csproj", "{6814216A-58FC-49AA-9AE5-B8CC7E20580F}"
EndProject
Project("{2150E333-8FDC-42A3-9474-1A3956D46DE8}") = "api", "api", "{960EF37E-8B01-4751-A453-F2A7B439E6FC}"
EndProject
Project("{FAE04EC0-301F-11D3-BF4B-00C04F79EFBC}") = "API", "src\api\API\API.csproj", "{EF62EB52-3C25-41D3-B508-ABF4487AD60D}"
EndProject
Global
	GlobalSection(SolutionConfigurationPlatforms) = preSolution
		Debug|Any CPU = Debug|Any CPU
		Release|Any CPU = Release|Any CPU
	EndGlobalSection
	GlobalSection(ProjectConfigurationPlatforms) = postSolution
		{850C2E66-D261-448B-A252-A8AE8E553557}.Debug|Any CPU.ActiveCfg = Debug|Any CPU
		{850C2E66-D261-448B-A252-A8AE8E553557}.Debug|Any CPU.Build.0 = Debug|Any CPU
		{850C2E66-D261-448B-A252-A8AE8E553557}.Release|Any CPU.ActiveCfg = Release|Any CPU
		{850C2E66-D261-448B-A252-A8AE8E553557}.Release|Any CPU.Build.0 = Release|Any CPU
		{99487B0E-0CF0-40BD-BFE2-32DCB65D899A}.Debug|Any CPU.ActiveCfg = Debug|Any CPU
		{99487B0E-0CF0-40BD-BFE2-32DCB65D899A}.Debug|Any CPU.Build.0 = Debug|Any CPU
		{99487B0E-0CF0-40BD-BFE2-32DCB65D899A}.Release|Any CPU.ActiveCfg = Release|Any CPU
		{99487B0E-0CF0-40BD-BFE2-32DCB65D899A}.Release|Any CPU.Build.0 = Release|Any CPU
		{189A46C1-D81F-4A70-A790-6E12F31F79D8}.Debug|Any CPU.ActiveCfg = Debug|Any CPU
		{189A46C1-D81F-4A70-A790-6E12F31F79D8}.Debug|Any CPU.Build.0 = Debug|Any CPU
		{189A46C1-D81F-4A70-A790-6E12F31F79D8}.Release|Any CPU.ActiveCfg = Release|Any CPU
		{189A46C1-D81F-4A70-A790-6E12F31F79D8}.Release|Any CPU.Build.0 = Release|Any CPU
		{4DCBA60E-71AC-476D-94E4-6B46D8D7704D}.Debug|Any CPU.ActiveCfg = Debug|Any CPU
		{4DCBA60E-71AC-476D-94E4-6B46D8D7704D}.Debug|Any CPU.Build.0 = Debug|Any CPU
		{4DCBA60E-71AC-476D-94E4-6B46D8D7704D}.Release|Any CPU.ActiveCfg = Release|Any CPU
		{4DCBA60E-71AC-476D-94E4-6B46D8D7704D}.Release|Any CPU.Build.0 = Release|Any CPU
		{6814216A-58FC-49AA-9AE5-B8CC7E20580F}.Debug|Any CPU.ActiveCfg = Debug|Any CPU
		{6814216A-58FC-49AA-9AE5-B8CC7E20580F}.Debug|Any CPU.Build.0 = Debug|Any CPU
		{6814216A-58FC-49AA-9AE5-B8CC7E20580F}.Release|Any CPU.ActiveCfg = Release|Any CPU
		{6814216A-58FC-49AA-9AE5-B8CC7E20580F}.Release|Any CPU.Build.0 = Release|Any CPU
		{EF62EB52-3C25-41D3-B508-ABF4487AD60D}.Debug|Any CPU.ActiveCfg = Debug|Any CPU
		{EF62EB52-3C25-41D3-B508-ABF4487AD60D}.Debug|Any CPU.Build.0 = Debug|Any CPU
		{EF62EB52-3C25-41D3-B508-ABF4487AD60D}.Release|Any CPU.ActiveCfg = Release|Any CPU
		{EF62EB52-3C25-41D3-B508-ABF4487AD60D}.Release|Any CPU.Build.0 = Release|Any CPU
	EndGlobalSection
	GlobalSection(SolutionProperties) = preSolution
		HideSolutionNode = FALSE
	EndGlobalSection
	GlobalSection(NestedProjects) = preSolution
		{70378E33-2FAE-4C61-BB2B-880F3954547C} = {B44EAA77-9BBF-4BAF-B2FD-72BE7E5B45E1}
		{850C2E66-D261-448B-A252-A8AE8E553557} = {70378E33-2FAE-4C61-BB2B-880F3954547C}
		{99487B0E-0CF0-40BD-BFE2-32DCB65D899A} = {70378E33-2FAE-4C61-BB2B-880F3954547C}
		{189A46C1-D81F-4A70-A790-6E12F31F79D8} = {70378E33-2FAE-4C61-BB2B-880F3954547C}
		{8EA58485-C2B8-45AB-84FB-B4ACD797176B} = {B44EAA77-9BBF-4BAF-B2FD-72BE7E5B45E1}
		{4DCBA60E-71AC-476D-94E4-6B46D8D7704D} = {8EA58485-C2B8-45AB-84FB-B4ACD797176B}
		{6814216A-58FC-49AA-9AE5-B8CC7E20580F} = {8EA58485-C2B8-45AB-84FB-B4ACD797176B}
		{960EF37E-8B01-4751-A453-F2A7B439E6FC} = {B44EAA77-9BBF-4BAF-B2FD-72BE7E5B45E1}
		{EF62EB52-3C25-41D3-B508-ABF4487AD60D} = {960EF37E-8B01-4751-A453-F2A7B439E6FC}
	EndGlobalSection
	GlobalSection(ExtensibilityGlobals) = postSolution
		SolutionGuid = {FDB37EB4-A86E-4BEE-B546-CE4A23CB85E0}
	EndGlobalSection
EndGlobal
